
Microsoft Visual Studio Solution File, Format Version 12.00
# Visual Studio Version 17
VisualStudioVersion = 17.3.32519.111
MinimumVisualStudioVersion = 10.0.40219.1
Project("{2150E333-8FDC-42A3-9474-1A3956D46DE8}") = "Solution Items", "Solution Items", "{69262D94-2C3B-4B8D-8FBF-827BD880452E}"
	ProjectSection(SolutionItems) = preProject
		.editorconfig = .editorconfig
		Directory.Build.props = Directory.Build.props
	EndProjectSection
EndProject
Project("{9A19103F-16F7-4668-BE54-9A1E7A4F7556}") = "FastNet.WebAPI", "src\FastNet.WebAPI\FastNet.WebAPI.csproj", "{C8D99F52-EDC7-411F-8300-6DB14BF59E8C}"
EndProject
Project("{2150E333-8FDC-42A3-9474-1A3956D46DE8}") = "5.Plugin", "5.Plugin", "{29682340-3434-4444-AABA-3F87243C2E4F}"
EndProject
Project("{2150E333-8FDC-42A3-9474-1A3956D46DE8}") = "1.Base", "1.Base", "{E0733222-BE30-429D-869B-D12220EBC206}"
EndProject
Project("{9A19103F-16F7-4668-BE54-9A1E7A4F7556}") = "FastNet.BlazorUI", "src\FastNet.BlazorUI\FastNet.BlazorUI.csproj", "{50036DDE-EA0C-48FF-8762-A0CCEE0FDE28}"
EndProject
Project("{2150E333-8FDC-42A3-9474-1A3956D46DE8}") = "6.Tests", "6.Tests", "{44100B54-FF04-4AE7-8887-6055E3873EB1}"
EndProject
Project("{9A19103F-16F7-4668-BE54-9A1E7A4F7556}") = "FastNet.BlazorCore", "src\FastNet.BlazorCore\FastNet.BlazorCore.csproj", "{F3E8266D-1153-4762-A2F7-7C72C6F8E340}"
EndProject
Project("{2150E333-8FDC-42A3-9474-1A3956D46DE8}") = "2.Web.API", "2.Web.API", "{DDBF7204-25AE-412F-B3D9-BEDD2A5C788D}"
EndProject
Project("{9A19103F-16F7-4668-BE54-9A1E7A4F7556}") = "FastNet.UnitTests", "tests\FastNet.UnitTests\FastNet.UnitTests.csproj", "{C415AF0B-91DB-4FDD-AA12-EE6839A4247C}"
EndProject
Project("{9A19103F-16F7-4668-BE54-9A1E7A4F7556}") = "FastNet.Plugin.Tasks", "src\FastNet.Plugin.Tasks\FastNet.Plugin.Tasks.csproj", "{DDF29327-4FB5-43D2-8984-BEA2659E5435}"
EndProject
Project("{2150E333-8FDC-42A3-9474-1A3956D46DE8}") = "7.Document", "7.Document", "{DAC754C3-ED7B-4E1E-8FE8-3D43D92CE770}"
	ProjectSection(SolutionItems) = preProject
		doc\database.md = doc\database.md
		doc\home.md = doc\home.md
	EndProjectSection
EndProject
Project("{2150E333-8FDC-42A3-9474-1A3956D46DE8}") = "3.Web.Blazor", "3.Web.Blazor", "{45046394-B7C8-4735-85D9-56DC051954B2}"
EndProject
Project("{2150E333-8FDC-42A3-9474-1A3956D46DE8}") = "Caching", "Caching", "{EF2FA876-EA1A-4628-B0FE-E8DDE234FE32}"
EndProject
Project("{2150E333-8FDC-42A3-9474-1A3956D46DE8}") = "EventBus", "EventBus", "{6A0DE12A-D3DF-4B56-A9F0-C09468174FBD}"
EndProject
Project("{2150E333-8FDC-42A3-9474-1A3956D46DE8}") = "4.Web.Vue", "4.Web.Vue", "{FF4213F6-5A46-4285-865E-8771CB9C57D4}"
EndProject
Project("{9A19103F-16F7-4668-BE54-9A1E7A4F7556}") = "FastNet", "src\FastNet\FastNet.csproj", "{B4A35B17-597F-4587-B197-9B3CAAEB9074}"
EndProject
Project("{FAE04EC0-301F-11D3-BF4B-00C04F79EFBC}") = "FastNet.Model", "src\FastNet.Model\FastNet.Model.csproj", "{255B6631-E7E6-480C-B96B-ACD8F095B0A9}"
EndProject
Project("{FAE04EC0-301F-11D3-BF4B-00C04F79EFBC}") = "FastNet.Repository", "src\FastNet.Repository\FastNet.Repository.csproj", "{04B1DD8D-36E5-4681-9507-3777AC172E8F}"
EndProject
Project("{FAE04EC0-301F-11D3-BF4B-00C04F79EFBC}") = "FastNet.Service", "src\FastNet.Service\FastNet.Service.csproj", "{2F3DDB50-F8EB-4404-B2F4-ADCF84D3C57E}"
EndProject
Global
	GlobalSection(SolutionConfigurationPlatforms) = preSolution
		Debug|Any CPU = Debug|Any CPU
		Release|Any CPU = Release|Any CPU
	EndGlobalSection
	GlobalSection(ProjectConfigurationPlatforms) = postSolution
		{C8D99F52-EDC7-411F-8300-6DB14BF59E8C}.Debug|Any CPU.ActiveCfg = Debug|Any CPU
		{C8D99F52-EDC7-411F-8300-6DB14BF59E8C}.Debug|Any CPU.Build.0 = Debug|Any CPU
		{C8D99F52-EDC7-411F-8300-6DB14BF59E8C}.Release|Any CPU.ActiveCfg = Release|Any CPU
		{C8D99F52-EDC7-411F-8300-6DB14BF59E8C}.Release|Any CPU.Build.0 = Release|Any CPU
		{50036DDE-EA0C-48FF-8762-A0CCEE0FDE28}.Debug|Any CPU.ActiveCfg = Debug|Any CPU
		{50036DDE-EA0C-48FF-8762-A0CCEE0FDE28}.Debug|Any CPU.Build.0 = Debug|Any CPU
		{50036DDE-EA0C-48FF-8762-A0CCEE0FDE28}.Release|Any CPU.ActiveCfg = Release|Any CPU
		{50036DDE-EA0C-48FF-8762-A0CCEE0FDE28}.Release|Any CPU.Build.0 = Release|Any CPU
		{F3E8266D-1153-4762-A2F7-7C72C6F8E340}.Debug|Any CPU.ActiveCfg = Debug|Any CPU
		{F3E8266D-1153-4762-A2F7-7C72C6F8E340}.Debug|Any CPU.Build.0 = Debug|Any CPU
		{F3E8266D-1153-4762-A2F7-7C72C6F8E340}.Release|Any CPU.ActiveCfg = Release|Any CPU
		{F3E8266D-1153-4762-A2F7-7C72C6F8E340}.Release|Any CPU.Build.0 = Release|Any CPU
		{C415AF0B-91DB-4FDD-AA12-EE6839A4247C}.Debug|Any CPU.ActiveCfg = Debug|Any CPU
		{C415AF0B-91DB-4FDD-AA12-EE6839A4247C}.Debug|Any CPU.Build.0 = Debug|Any CPU
		{C415AF0B-91DB-4FDD-AA12-EE6839A4247C}.Release|Any CPU.ActiveCfg = Release|Any CPU
		{C415AF0B-91DB-4FDD-AA12-EE6839A4247C}.Release|Any CPU.Build.0 = Release|Any CPU
		{DDF29327-4FB5-43D2-8984-BEA2659E5435}.Debug|Any CPU.ActiveCfg = Debug|Any CPU
		{DDF29327-4FB5-43D2-8984-BEA2659E5435}.Debug|Any CPU.Build.0 = Debug|Any CPU
		{DDF29327-4FB5-43D2-8984-BEA2659E5435}.Release|Any CPU.ActiveCfg = Release|Any CPU
		{DDF29327-4FB5-43D2-8984-BEA2659E5435}.Release|Any CPU.Build.0 = Release|Any CPU
		{B4A35B17-597F-4587-B197-9B3CAAEB9074}.Debug|Any CPU.ActiveCfg = Debug|Any CPU
		{B4A35B17-597F-4587-B197-9B3CAAEB9074}.Debug|Any CPU.Build.0 = Debug|Any CPU
		{B4A35B17-597F-4587-B197-9B3CAAEB9074}.Release|Any CPU.ActiveCfg = Release|Any CPU
		{B4A35B17-597F-4587-B197-9B3CAAEB9074}.Release|Any CPU.Build.0 = Release|Any CPU
		{255B6631-E7E6-480C-B96B-ACD8F095B0A9}.Debug|Any CPU.ActiveCfg = Debug|Any CPU
		{255B6631-E7E6-480C-B96B-ACD8F095B0A9}.Debug|Any CPU.Build.0 = Debug|Any CPU
		{255B6631-E7E6-480C-B96B-ACD8F095B0A9}.Release|Any CPU.ActiveCfg = Release|Any CPU
		{255B6631-E7E6-480C-B96B-ACD8F095B0A9}.Release|Any CPU.Build.0 = Release|Any CPU
		{04B1DD8D-36E5-4681-9507-3777AC172E8F}.Debug|Any CPU.ActiveCfg = Debug|Any CPU
		{04B1DD8D-36E5-4681-9507-3777AC172E8F}.Debug|Any CPU.Build.0 = Debug|Any CPU
		{04B1DD8D-36E5-4681-9507-3777AC172E8F}.Release|Any CPU.ActiveCfg = Release|Any CPU
		{04B1DD8D-36E5-4681-9507-3777AC172E8F}.Release|Any CPU.Build.0 = Release|Any CPU
		{2F3DDB50-F8EB-4404-B2F4-ADCF84D3C57E}.Debug|Any CPU.ActiveCfg = Debug|Any CPU
		{2F3DDB50-F8EB-4404-B2F4-ADCF84D3C57E}.Debug|Any CPU.Build.0 = Debug|Any CPU
		{2F3DDB50-F8EB-4404-B2F4-ADCF84D3C57E}.Release|Any CPU.ActiveCfg = Release|Any CPU
		{2F3DDB50-F8EB-4404-B2F4-ADCF84D3C57E}.Release|Any CPU.Build.0 = Release|Any CPU
	EndGlobalSection
	GlobalSection(SolutionProperties) = preSolution
		HideSolutionNode = FALSE
	EndGlobalSection
	GlobalSection(NestedProjects) = preSolution
		{C8D99F52-EDC7-411F-8300-6DB14BF59E8C} = {DDBF7204-25AE-412F-B3D9-BEDD2A5C788D}
		{50036DDE-EA0C-48FF-8762-A0CCEE0FDE28} = {45046394-B7C8-4735-85D9-56DC051954B2}
		{F3E8266D-1153-4762-A2F7-7C72C6F8E340} = {45046394-B7C8-4735-85D9-56DC051954B2}
		{C415AF0B-91DB-4FDD-AA12-EE6839A4247C} = {44100B54-FF04-4AE7-8887-6055E3873EB1}
		{DDF29327-4FB5-43D2-8984-BEA2659E5435} = {29682340-3434-4444-AABA-3F87243C2E4F}
		{EF2FA876-EA1A-4628-B0FE-E8DDE234FE32} = {29682340-3434-4444-AABA-3F87243C2E4F}
		{6A0DE12A-D3DF-4B56-A9F0-C09468174FBD} = {29682340-3434-4444-AABA-3F87243C2E4F}
		{B4A35B17-597F-4587-B197-9B3CAAEB9074} = {E0733222-BE30-429D-869B-D12220EBC206}
		{255B6631-E7E6-480C-B96B-ACD8F095B0A9} = {E0733222-BE30-429D-869B-D12220EBC206}
		{04B1DD8D-36E5-4681-9507-3777AC172E8F} = {E0733222-BE30-429D-869B-D12220EBC206}
		{2F3DDB50-F8EB-4404-B2F4-ADCF84D3C57E} = {E0733222-BE30-429D-869B-D12220EBC206}
	EndGlobalSection
	GlobalSection(ExtensibilityGlobals) = postSolution
		SolutionGuid = {B2073C2C-0FD3-452B-8047-8134D68E12CE}
	EndGlobalSection
EndGlobal
